<?xml version="1.0"?>
<plist version="1.0">
	<dict>
		<key>archiveVersion</key>
		<string>1</string>
		<key>classes</key>
		<dict />
		<key>objectVersion</key>
		<string>46</string>
		<key>objects</key>
		<dict>
			<key>821159A073ABA066739FD401</key>
			<dict>
				<key>children</key>
				<array>
					<string>D58DCB2C0AEFDE6171E29540</string>
				</array>
				<key>isa</key>
				<string>PBXGroup</string>
				<key>name</key>
				<string>osx</string>
				<key>sourceTree</key>
				<string>&lt;group&gt;</string>
			</dict>
			<key>398D2AD7D162CE13BF40CD4F</key>
			<dict>
				<key>children</key>
				<array>
					<string>821159A073ABA066739FD401</string>
				</array>
				<key>isa</key>
				<string>PBXGroup</string>
				<key>name</key>
				<string>lib</string>
				<key>sourceTree</key>
				<string>&lt;group&gt;</string>
			</dict>
			<key>4D508D34156E7076531D9084</key>
			<dict>
				<key>fileRef</key>
				<string>D58DCB2C0AEFDE6171E29540</string>
				<key>isa</key>
				<string>PBXBuildFile</string>
			</dict>
			<key>E1A3FD40C8BCD507345F1126</key>
			<dict>
				<key>fileRef</key>
				<string>D58DCB2C0AEFDE6171E29540</string>
				<key>isa</key>
				<string>PBXBuildFile</string>
			</dict>
			<key>D58DCB2C0AEFDE6171E29540</key>
			<dict>
				<key>lastKnownFileType</key>
				<string>wrapper.framework</string>
				<key>isa</key>
				<string>PBXFileReference</string>
				<key>name</key>
				<string>Syphon.framework</string>
				<key>path</key>
				<string>../../../Downloads/of_v0.9.8_osx_release/addons/ofxSyphon/libs/Syphon/lib/osx/Syphon.framework</string>
				<key>sourceTree</key>
				<string>&lt;group&gt;</string>
			</dict>
			<key>AE8FC9BE7FC6138EAC1D76E2</key>
			<dict>
				<key>explicitFileType</key>
				<string>sourcecode.c.h</string>
				<key>fileEncoding</key>
				<string>30</string>
				<key>isa</key>
				<string>PBXFileReference</string>
				<key>name</key>
				<string>SyphonNameboundClient.h</string>
				<key>path</key>
				<string>../../../Downloads/of_v0.9.8_osx_release/addons/ofxSyphon/libs/Syphon/src/SyphonNameboundClient.h</string>
				<key>sourceTree</key>
				<string>SOURCE_ROOT</string>
			</dict>
			<key>50EAFB5FF7C5722E7B4895C7</key>
			<dict>
				<key>children</key>
				<array>
					<string>297425C4E8F11BA66B092031</string>
					<string>AE8FC9BE7FC6138EAC1D76E2</string>
				</array>
				<key>isa</key>
				<string>PBXGroup</string>
				<key>name</key>
				<string>src</string>
				<key>sourceTree</key>
				<string>&lt;group&gt;</string>
			</dict>
			<key>65F3085962B3A8825746C3C2</key>
			<dict>
				<key>children</key>
				<array>
					<string>50EAFB5FF7C5722E7B4895C7</string>
					<string>398D2AD7D162CE13BF40CD4F</string>
				</array>
				<key>isa</key>
				<string>PBXGroup</string>
				<key>name</key>
				<string>Syphon</string>
				<key>sourceTree</key>
				<string>&lt;group&gt;</string>
			</dict>
			<key>2317994671CD76BBA16927B8</key>
			<dict>
				<key>children</key>
				<array>
					<string>65F3085962B3A8825746C3C2</string>
				</array>
				<key>isa</key>
				<string>PBXGroup</string>
				<key>name</key>
				<string>libs</string>
				<key>sourceTree</key>
				<string>&lt;group&gt;</string>
			</dict>
			<key>66F090EC5522657C7252DB22</key>
			<dict>
				<key>fileRef</key>
				<string>297425C4E8F11BA66B092031</string>
				<key>isa</key>
				<string>PBXBuildFile</string>
			</dict>
			<key>297425C4E8F11BA66B092031</key>
			<dict>
				<key>explicitFileType</key>
				<string>sourcecode.cpp.objcpp</string>
				<key>fileEncoding</key>
				<string>30</string>
				<key>isa</key>
				<string>PBXFileReference</string>
				<key>name</key>
				<string>SyphonNameboundClient.m</string>
				<key>path</key>
				<string>../../../Downloads/of_v0.9.8_osx_release/addons/ofxSyphon/libs/Syphon/src/SyphonNameboundClient.m</string>
				<key>sourceTree</key>
				<string>SOURCE_ROOT</string>
			</dict>
			<key>AAD021302ACC9A39F34A561E</key>
			<dict>
				<key>explicitFileType</key>
				<string>sourcecode.c.h</string>
				<key>fileEncoding</key>
				<string>30</string>
				<key>isa</key>
				<string>PBXFileReference</string>
				<key>name</key>
				<string>ofxSyphonServerDirectory.h</string>
				<key>path</key>
				<string>../../../Downloads/of_v0.9.8_osx_release/addons/ofxSyphon/src/ofxSyphonServerDirectory.h</string>
				<key>sourceTree</key>
				<string>SOURCE_ROOT</string>
			</dict>
			<key>3C31860666AA50C1B1C4A11E</key>
			<dict>
				<key>explicitFileType</key>
				<string>sourcecode.c.h</string>
				<key>fileEncoding</key>
				<string>30</string>
				<key>isa</key>
				<string>PBXFileReference</string>
				<key>name</key>
				<string>ofxSyphonClient.h</string>
				<key>path</key>
				<string>../../../Downloads/of_v0.9.8_osx_release/addons/ofxSyphon/src/ofxSyphonClient.h</string>
				<key>sourceTree</key>
				<string>SOURCE_ROOT</string>
			</dict>
			<key>2B947B08FA9E48C4F910CBA3</key>
			<dict>
				<key>fileRef</key>
				<string>D732A38846226B7435EB530E</string>
				<key>isa</key>
				<string>PBXBuildFile</string>
			</dict>
			<key>D732A38846226B7435EB530E</key>
			<dict>
				<key>explicitFileType</key>
				<string>sourcecode.cpp.objcpp</string>
				<key>fileEncoding</key>
				<string>30</string>
				<key>isa</key>
				<string>PBXFileReference</string>
				<key>name</key>
				<string>ofxSyphonServerDirectory.mm</string>
				<key>path</key>
				<string>../../../Downloads/of_v0.9.8_osx_release/addons/ofxSyphon/src/ofxSyphonServerDirectory.mm</string>
				<key>sourceTree</key>
				<string>SOURCE_ROOT</string>
			</dict>
			<key>799E3117166BDB98CE8A769E</key>
			<dict>
				<key>fileRef</key>
				<string>B5B7D5E6C69415DBB0E6118A</string>
				<key>isa</key>
				<string>PBXBuildFile</string>
			</dict>
			<key>B5B7D5E6C69415DBB0E6118A</key>
			<dict>
				<key>explicitFileType</key>
				<string>sourcecode.cpp.objcpp</string>
				<key>fileEncoding</key>
				<string>30</string>
				<key>isa</key>
				<string>PBXFileReference</string>
				<key>name</key>
				<string>ofxSyphonClient.mm</string>
				<key>path</key>
				<string>../../../Downloads/of_v0.9.8_osx_release/addons/ofxSyphon/src/ofxSyphonClient.mm</string>
				<key>sourceTree</key>
				<string>SOURCE_ROOT</string>
			</dict>
			<key>982EDA70C475F988614D31A8</key>
			<dict>
				<key>explicitFileType</key>
				<string>sourcecode.c.h</string>
				<key>fileEncoding</key>
				<string>30</string>
				<key>isa</key>
				<string>PBXFileReference</string>
				<key>name</key>
				<string>ofxSyphonServer.h</string>
				<key>path</key>
				<string>../../../Downloads/of_v0.9.8_osx_release/addons/ofxSyphon/src/ofxSyphonServer.h</string>
				<key>sourceTree</key>
				<string>SOURCE_ROOT</string>
			</dict>
			<key>B5EB1A38508FC052B8CA2A8F</key>
			<dict>
				<key>fileRef</key>
				<string>3CC5E14531924E6C7859135E</string>
				<key>isa</key>
				<string>PBXBuildFile</string>
			</dict>
			<key>3CC5E14531924E6C7859135E</key>
			<dict>
				<key>explicitFileType</key>
				<string>sourcecode.cpp.objcpp</string>
				<key>fileEncoding</key>
				<string>30</string>
				<key>isa</key>
				<string>PBXFileReference</string>
				<key>name</key>
				<string>ofxSyphonServer.mm</string>
				<key>path</key>
				<string>../../../Downloads/of_v0.9.8_osx_release/addons/ofxSyphon/src/ofxSyphonServer.mm</string>
				<key>sourceTree</key>
				<string>SOURCE_ROOT</string>
			</dict>
			<key>49A9E39C52C2DF4DDA1E185F</key>
			<dict>
				<key>children</key>
				<array>
					<string>83D03AABD45ECB793B528A86</string>
					<string>3CC5E14531924E6C7859135E</string>
					<string>982EDA70C475F988614D31A8</string>
					<string>B5B7D5E6C69415DBB0E6118A</string>
					<string>D732A38846226B7435EB530E</string>
					<string>3C31860666AA50C1B1C4A11E</string>
					<string>AAD021302ACC9A39F34A561E</string>
				</array>
				<key>isa</key>
				<string>PBXGroup</string>
				<key>name</key>
				<string>src</string>
				<key>sourceTree</key>
				<string>&lt;group&gt;</string>
			</dict>
			<key>7F3C04577424427D348B1425</key>
			<dict>
				<key>children</key>
				<array>
					<string>49A9E39C52C2DF4DDA1E185F</string>
					<string>2317994671CD76BBA16927B8</string>
				</array>
				<key>isa</key>
				<string>PBXGroup</string>
				<key>name</key>
				<string>ofxSyphon</string>
				<key>sourceTree</key>
				<string>&lt;group&gt;</string>
			</dict>
			<key>83D03AABD45ECB793B528A86</key>
			<dict>
				<key>explicitFileType</key>
				<string>sourcecode.c.h</string>
				<key>fileEncoding</key>
				<string>30</string>
				<key>isa</key>
				<string>PBXFileReference</string>
				<key>name</key>
				<string>ofxSyphon.h</string>
				<key>path</key>
				<string>../../../Downloads/of_v0.9.8_osx_release/addons/ofxSyphon/src/ofxSyphon.h</string>
				<key>sourceTree</key>
				<string>SOURCE_ROOT</string>
			</dict>
			<key>037C4FB2AD0EA4AB3AD92EFD</key>
			<dict>
				<key>explicitFileType</key>
				<string>sourcecode.c.h</string>
				<key>fileEncoding</key>
				<string>30</string>
				<key>isa</key>
				<string>PBXFileReference</string>
				<key>name</key>
				<string>NetworkingUtils.h</string>
				<key>path</key>
				<string>../../../Downloads/of_v0.9.8_osx_release/addons/ofxOsc/libs/oscpack/src/ip/NetworkingUtils.h</string>
				<key>sourceTree</key>
				<string>SOURCE_ROOT</string>
			</dict>
			<key>509E146AABEAA07EE24BC19E</key>
			<dict>
				<key>fileRef</key>
				<string>AD9E35483B2C6DCB7DE6B53F</string>
				<key>isa</key>
				<string>PBXBuildFile</string>
			</dict>
			<key>AD9E35483B2C6DCB7DE6B53F</key>
			<dict>
				<key>explicitFileType</key>
				<string>sourcecode.cpp.cpp</string>
				<key>fileEncoding</key>
				<string>30</string>
				<key>isa</key>
				<string>PBXFileReference</string>
				<key>name</key>
				<string>IpEndpointName.cpp</string>
				<key>path</key>
				<string>../../../Downloads/of_v0.9.8_osx_release/addons/ofxOsc/libs/oscpack/src/ip/IpEndpointName.cpp</string>
				<key>sourceTree</key>
				<string>SOURCE_ROOT</string>
			</dict>
			<key>C9654C04A72DB7AC4A37DE59</key>
			<dict>
				<key>explicitFileType</key>
				<string>sourcecode.c.h</string>
				<key>fileEncoding</key>
				<string>30</string>
				<key>isa</key>
				<string>PBXFileReference</string>
				<key>name</key>
				<string>IpEndpointName.h</string>
				<key>path</key>
				<string>../../../Downloads/of_v0.9.8_osx_release/addons/ofxOsc/libs/oscpack/src/ip/IpEndpointName.h</string>
				<key>sourceTree</key>
				<string>SOURCE_ROOT</string>
			</dict>
			<key>F2E6A7FADE787B37CB9D4D14</key>
			<dict>
				<key>explicitFileType</key>
				<string>sourcecode.c.h</string>
				<key>fileEncoding</key>
				<string>30</string>
				<key>isa</key>
				<string>PBXFileReference</string>
				<key>name</key>
				<string>PacketListener.h</string>
				<key>path</key>
				<string>../../../Downloads/of_v0.9.8_osx_release/addons/ofxOsc/libs/oscpack/src/ip/PacketListener.h</string>
				<key>sourceTree</key>
				<string>SOURCE_ROOT</string>
			</dict>
			<key>032A4613BD6F5782BCB85A71</key>
			<dict>
				<key>explicitFileType</key>
				<string>sourcecode.c.h</string>
				<key>fileEncoding</key>
				<string>30</string>
				<key>isa</key>
				<string>PBXFileReference</string>
				<key>name</key>
				<string>TimerListener.h</string>
				<key>path</key>
				<string>../../../Downloads/of_v0.9.8_osx_release/addons/ofxOsc/libs/oscpack/src/ip/TimerListener.h</string>
				<key>sourceTree</key>
				<string>SOURCE_ROOT</string>
			</dict>
			<key>C78F57A337E78E8798F08A58</key>
			<dict>
				<key>explicitFileType</key>
				<string>sourcecode.c.h</string>
				<key>fileEncoding</key>
				<string>30</string>
				<key>isa</key>
				<string>PBXFileReference</string>
				<key>name</key>
				<string>UdpSocket.h</string>
				<key>path</key>
				<string>../../../Downloads/of_v0.9.8_osx_release/addons/ofxOsc/libs/oscpack/src/ip/UdpSocket.h</string>
				<key>sourceTree</key>
				<string>SOURCE_ROOT</string>
			</dict>
			<key>F25011691E3D205E0017222E</key>
			<dict>
				<key>fileRef</key>
				<string>67EF740B10B2F3AB7E8A0412</string>
				<key>isa</key>
				<string>PBXBuildFile</string>
			</dict>
			<key>67EF740B10B2F3AB7E8A0412</key>
			<dict>
				<key>explicitFileType</key>
				<string>sourcecode.cpp.cpp</string>
				<key>fileEncoding</key>
				<string>30</string>
				<key>isa</key>
				<string>PBXFileReference</string>
				<key>name</key>
				<string>UdpSocket.cpp</string>
				<key>path</key>
				<string>../../../Downloads/of_v0.9.8_osx_release/addons/ofxOsc/libs/oscpack/src/ip/posix/UdpSocket.cpp</string>
				<key>sourceTree</key>
				<string>SOURCE_ROOT</string>
			</dict>
			<key>641362CA659FAFEE4E81001B</key>
			<dict>
				<key>children</key>
				<array>
					<string>66BBB967CA4B203184FB57A0</string>
					<string>67EF740B10B2F3AB7E8A0412</string>
				</array>
				<key>isa</key>
				<string>PBXGroup</string>
				<key>name</key>
				<string>posix</string>
				<key>sourceTree</key>
				<string>&lt;group&gt;</string>
			</dict>
			<key>FF8CDF57858E9B94E3237115</key>
			<dict>
				<key>children</key>
				<array>
					<string>641362CA659FAFEE4E81001B</string>
					<string>C78F57A337E78E8798F08A58</string>
					<string>032A4613BD6F5782BCB85A71</string>
					<string>F2E6A7FADE787B37CB9D4D14</string>
					<string>C9654C04A72DB7AC4A37DE59</string>
					<string>AD9E35483B2C6DCB7DE6B53F</string>
					<string>037C4FB2AD0EA4AB3AD92EFD</string>
				</array>
				<key>isa</key>
				<string>PBXGroup</string>
				<key>name</key>
				<string>ip</string>
				<key>sourceTree</key>
				<string>&lt;group&gt;</string>
			</dict>
			<key>CC42AB7D9FF4A1E60D332B7B</key>
			<dict>
				<key>fileRef</key>
				<string>66BBB967CA4B203184FB57A0</string>
				<key>isa</key>
				<string>PBXBuildFile</string>
			</dict>
			<key>66BBB967CA4B203184FB57A0</key>
			<dict>
				<key>explicitFileType</key>
				<string>sourcecode.cpp.cpp</string>
				<key>fileEncoding</key>
				<string>30</string>
				<key>isa</key>
				<string>PBXFileReference</string>
				<key>name</key>
				<string>NetworkingUtils.cpp</string>
				<key>path</key>
				<string>../../../Downloads/of_v0.9.8_osx_release/addons/ofxOsc/libs/oscpack/src/ip/posix/NetworkingUtils.cpp</string>
				<key>sourceTree</key>
				<string>SOURCE_ROOT</string>
			</dict>
			<key>DC5BD13C64C95E258A5889D4</key>
			<dict>
				<key>explicitFileType</key>
				<string>sourcecode.c.h</string>
				<key>fileEncoding</key>
				<string>30</string>
				<key>isa</key>
				<string>PBXFileReference</string>
				<key>name</key>
				<string>OscTypes.h</string>
				<key>path</key>
				<string>../../../Downloads/of_v0.9.8_osx_release/addons/ofxOsc/libs/oscpack/src/osc/OscTypes.h</string>
				<key>sourceTree</key>
				<string>SOURCE_ROOT</string>
			</dict>
			<key>7DE15060457D68FB0ED6627A</key>
			<dict>
				<key>explicitFileType</key>
				<string>sourcecode.c.h</string>
				<key>fileEncoding</key>
				<string>30</string>
				<key>isa</key>
				<string>PBXFileReference</string>
				<key>name</key>
				<string>OscReceivedElements.h</string>
				<key>path</key>
				<string>../../../Downloads/of_v0.9.8_osx_release/addons/ofxOsc/libs/oscpack/src/osc/OscReceivedElements.h</string>
				<key>sourceTree</key>
				<string>SOURCE_ROOT</string>
			</dict>
			<key>C34A005EE26FE9D02EE9ED2A</key>
			<dict>
				<key>fileRef</key>
				<string>2DA36C671812A553B58B18D0</string>
				<key>isa</key>
				<string>PBXBuildFile</string>
			</dict>
			<key>2DA36C671812A553B58B18D0</key>
			<dict>
				<key>explicitFileType</key>
				<string>sourcecode.cpp.cpp</string>
				<key>fileEncoding</key>
				<string>30</string>
				<key>isa</key>
				<string>PBXFileReference</string>
				<key>name</key>
				<string>OscPrintReceivedElements.cpp</string>
				<key>path</key>
				<string>../../../Downloads/of_v0.9.8_osx_release/addons/ofxOsc/libs/oscpack/src/osc/OscPrintReceivedElements.cpp</string>
				<key>sourceTree</key>
				<string>SOURCE_ROOT</string>
			</dict>
			<key>911BA892F3C77EBE5F46F279</key>
			<dict>
				<key>fileRef</key>
				<string>DBC8EFECC4D16E612A63FD77</string>
				<key>isa</key>
				<string>PBXBuildFile</string>
			</dict>
			<key>DBC8EFECC4D16E612A63FD77</key>
			<dict>
				<key>explicitFileType</key>
				<string>sourcecode.cpp.cpp</string>
				<key>fileEncoding</key>
				<string>30</string>
				<key>isa</key>
				<string>PBXFileReference</string>
				<key>name</key>
				<string>OscReceivedElements.cpp</string>
				<key>path</key>
				<string>../../../Downloads/of_v0.9.8_osx_release/addons/ofxOsc/libs/oscpack/src/osc/OscReceivedElements.cpp</string>
				<key>sourceTree</key>
				<string>SOURCE_ROOT</string>
			</dict>
			<key>0575210291378D4EE7972CA7</key>
			<dict>
				<key>explicitFileType</key>
				<string>sourcecode.c.h</string>
				<key>fileEncoding</key>
				<string>30</string>
				<key>isa</key>
				<string>PBXFileReference</string>
				<key>name</key>
				<string>OscOutboundPacketStream.h</string>
				<key>path</key>
				<string>../../../Downloads/of_v0.9.8_osx_release/addons/ofxOsc/libs/oscpack/src/osc/OscOutboundPacketStream.h</string>
				<key>sourceTree</key>
				<string>SOURCE_ROOT</string>
			</dict>
			<key>80A60F8596C81E570F853CDC</key>
			<dict>
				<key>explicitFileType</key>
				<string>sourcecode.c.h</string>
				<key>fileEncoding</key>
				<string>30</string>
				<key>isa</key>
				<string>PBXFileReference</string>
				<key>name</key>
				<string>OscException.h</string>
				<key>path</key>
				<string>../../../Downloads/of_v0.9.8_osx_release/addons/ofxOsc/libs/oscpack/src/osc/OscException.h</string>
				<key>sourceTree</key>
				<string>SOURCE_ROOT</string>
			</dict>
			<key>162C8659C32EDB7055B4F48C</key>
			<dict>
				<key>explicitFileType</key>
				<string>sourcecode.c.h</string>
				<key>fileEncoding</key>
				<string>30</string>
				<key>isa</key>
				<string>PBXFileReference</string>
				<key>name</key>
				<string>OscHostEndianness.h</string>
				<key>path</key>
				<string>../../../Downloads/of_v0.9.8_osx_release/addons/ofxOsc/libs/oscpack/src/osc/OscHostEndianness.h</string>
				<key>sourceTree</key>
				<string>SOURCE_ROOT</string>
			</dict>
			<key>B4E56708FAD4B7E1D469EE07</key>
			<dict>
				<key>explicitFileType</key>
				<string>sourcecode.c.h</string>
				<key>fileEncoding</key>
				<string>30</string>
				<key>isa</key>
				<string>PBXFileReference</string>
				<key>name</key>
				<string>MessageMappingOscPacketListener.h</string>
				<key>path</key>
				<string>../../../Downloads/of_v0.9.8_osx_release/addons/ofxOsc/libs/oscpack/src/osc/MessageMappingOscPacketListener.h</string>
				<key>sourceTree</key>
				<string>SOURCE_ROOT</string>
			</dict>
			<key>39088787B99920556B20487B</key>
			<dict>
				<key>explicitFileType</key>
				<string>sourcecode.c.h</string>
				<key>fileEncoding</key>
				<string>30</string>
				<key>isa</key>
				<string>PBXFileReference</string>
				<key>name</key>
				<string>OscPrintReceivedElements.h</string>
				<key>path</key>
				<string>../../../Downloads/of_v0.9.8_osx_release/addons/ofxOsc/libs/oscpack/src/osc/OscPrintReceivedElements.h</string>
				<key>sourceTree</key>
				<string>SOURCE_ROOT</string>
			</dict>
			<key>FB83EC4C283AE9153645C161</key>
			<dict>
				<key>fileRef</key>
				<string>C0F7062623706870692A4D84</string>
				<key>isa</key>
				<string>PBXBuildFile</string>
			</dict>
			<key>C0F7062623706870692A4D84</key>
			<dict>
				<key>explicitFileType</key>
				<string>sourcecode.cpp.cpp</string>
				<key>fileEncoding</key>
				<string>30</string>
				<key>isa</key>
				<string>PBXFileReference</string>
				<key>name</key>
				<string>OscTypes.cpp</string>
				<key>path</key>
				<string>../../../Downloads/of_v0.9.8_osx_release/addons/ofxOsc/libs/oscpack/src/osc/OscTypes.cpp</string>
				<key>sourceTree</key>
				<string>SOURCE_ROOT</string>
			</dict>
			<key>71BD2418EB310EB59D96F081</key>
			<dict>
				<key>explicitFileType</key>
				<string>sourcecode.c.h</string>
				<key>fileEncoding</key>
				<string>30</string>
				<key>isa</key>
				<string>PBXFileReference</string>
				<key>name</key>
				<string>OscPacketListener.h</string>
				<key>path</key>
				<string>../../../Downloads/of_v0.9.8_osx_release/addons/ofxOsc/libs/oscpack/src/osc/OscPacketListener.h</string>
				<key>sourceTree</key>
				<string>SOURCE_ROOT</string>
			</dict>
			<key>30CB364908817057B430D528</key>
			<dict>
				<key>children</key>
				<array>
					<string>B6883BD2697A0513F0547E3A</string>
					<string>71BD2418EB310EB59D96F081</string>
					<string>C0F7062623706870692A4D84</string>
					<string>39088787B99920556B20487B</string>
					<string>B4E56708FAD4B7E1D469EE07</string>
					<string>162C8659C32EDB7055B4F48C</string>
					<string>80A60F8596C81E570F853CDC</string>
					<string>0575210291378D4EE7972CA7</string>
					<string>DBC8EFECC4D16E612A63FD77</string>
					<string>2DA36C671812A553B58B18D0</string>
					<string>7DE15060457D68FB0ED6627A</string>
					<string>DC5BD13C64C95E258A5889D4</string>
				</array>
				<key>isa</key>
				<string>PBXGroup</string>
				<key>name</key>
				<string>osc</string>
				<key>sourceTree</key>
				<string>&lt;group&gt;</string>
			</dict>
			<key>D27B2221A225CA523C019676</key>
			<dict>
				<key>children</key>
				<array>
					<string>30CB364908817057B430D528</string>
					<string>FF8CDF57858E9B94E3237115</string>
				</array>
				<key>isa</key>
				<string>PBXGroup</string>
				<key>name</key>
				<string>src</string>
				<key>sourceTree</key>
				<string>&lt;group&gt;</string>
			</dict>
			<key>86D2677079A3AF4A5A88E29A</key>
			<dict>
				<key>children</key>
				<array>
					<string>D27B2221A225CA523C019676</string>
				</array>
				<key>isa</key>
				<string>PBXGroup</string>
				<key>name</key>
				<string>oscpack</string>
				<key>sourceTree</key>
				<string>&lt;group&gt;</string>
			</dict>
			<key>38871A5825686AE018EC2BF0</key>
			<dict>
				<key>children</key>
				<array>
					<string>86D2677079A3AF4A5A88E29A</string>
				</array>
				<key>isa</key>
				<string>PBXGroup</string>
				<key>name</key>
				<string>libs</string>
				<key>sourceTree</key>
				<string>&lt;group&gt;</string>
			</dict>
			<key>3DD981AB304116F27CE43FF3</key>
			<dict>
				<key>fileRef</key>
				<string>B6883BD2697A0513F0547E3A</string>
				<key>isa</key>
				<string>PBXBuildFile</string>
			</dict>
			<key>B6883BD2697A0513F0547E3A</key>
			<dict>
				<key>explicitFileType</key>
				<string>sourcecode.cpp.cpp</string>
				<key>fileEncoding</key>
				<string>30</string>
				<key>isa</key>
				<string>PBXFileReference</string>
				<key>name</key>
				<string>OscOutboundPacketStream.cpp</string>
				<key>path</key>
				<string>../../../Downloads/of_v0.9.8_osx_release/addons/ofxOsc/libs/oscpack/src/osc/OscOutboundPacketStream.cpp</string>
				<key>sourceTree</key>
				<string>SOURCE_ROOT</string>
			</dict>
			<key>9DC50F254D3E2B0A25EC9326</key>
			<dict>
				<key>explicitFileType</key>
				<string>sourcecode.c.h</string>
				<key>fileEncoding</key>
				<string>30</string>
				<key>isa</key>
				<string>PBXFileReference</string>
				<key>name</key>
				<string>ofxOscSender.h</string>
				<key>path</key>
				<string>../../../Downloads/of_v0.9.8_osx_release/addons/ofxOsc/src/ofxOscSender.h</string>
				<key>sourceTree</key>
				<string>SOURCE_ROOT</string>
			</dict>
			<key>A8CBE546E73AC86E6C4744A8</key>
			<dict>
				<key>fileRef</key>
				<string>ECC7B127908A45440D60EF2A</string>
				<key>isa</key>
				<string>PBXBuildFile</string>
			</dict>
			<key>ECC7B127908A45440D60EF2A</key>
			<dict>
				<key>explicitFileType</key>
				<string>sourcecode.cpp.cpp</string>
				<key>fileEncoding</key>
				<string>30</string>
				<key>isa</key>
				<string>PBXFileReference</string>
				<key>name</key>
				<string>ofxOscSender.cpp</string>
				<key>path</key>
				<string>../../../Downloads/of_v0.9.8_osx_release/addons/ofxOsc/src/ofxOscSender.cpp</string>
				<key>sourceTree</key>
				<string>SOURCE_ROOT</string>
			</dict>
			<key>0283535A523E1F4316A5036C</key>
			<dict>
				<key>explicitFileType</key>
				<string>sourcecode.c.h</string>
				<key>fileEncoding</key>
				<string>30</string>
				<key>isa</key>
				<string>PBXFileReference</string>
				<key>name</key>
				<string>ofxOscBundle.h</string>
				<key>path</key>
				<string>../../../Downloads/of_v0.9.8_osx_release/addons/ofxOsc/src/ofxOscBundle.h</string>
				<key>sourceTree</key>
				<string>SOURCE_ROOT</string>
			</dict>
			<key>090101E8ED5A12E9A9EE867C</key>
			<dict>
				<key>explicitFileType</key>
				<string>sourcecode.c.h</string>
				<key>fileEncoding</key>
				<string>30</string>
				<key>isa</key>
				<string>PBXFileReference</string>
				<key>name</key>
				<string>ofxOscMessage.h</string>
				<key>path</key>
				<string>../../../Downloads/of_v0.9.8_osx_release/addons/ofxOsc/src/ofxOscMessage.h</string>
				<key>sourceTree</key>
				<string>SOURCE_ROOT</string>
			</dict>
			<key>194940A6D1657B0914760267</key>
			<dict>
				<key>fileRef</key>
				<string>D3EE5A6232AD4A4F01D57C61</string>
				<key>isa</key>
				<string>PBXBuildFile</string>
			</dict>
			<key>D3EE5A6232AD4A4F01D57C61</key>
			<dict>
				<key>explicitFileType</key>
				<string>sourcecode.cpp.cpp</string>
				<key>fileEncoding</key>
				<string>30</string>
				<key>isa</key>
				<string>PBXFileReference</string>
				<key>name</key>
				<string>ofxOscReceiver.cpp</string>
				<key>path</key>
				<string>../../../Downloads/of_v0.9.8_osx_release/addons/ofxOsc/src/ofxOscReceiver.cpp</string>
				<key>sourceTree</key>
				<string>SOURCE_ROOT</string>
			</dict>
			<key>7681CE3B44180016E4CEFA2A</key>
			<dict>
				<key>explicitFileType</key>
				<string>sourcecode.c.h</string>
				<key>fileEncoding</key>
				<string>30</string>
				<key>isa</key>
				<string>PBXFileReference</string>
				<key>name</key>
				<string>ofxOscArg.h</string>
				<key>path</key>
				<string>../../../Downloads/of_v0.9.8_osx_release/addons/ofxOsc/src/ofxOscArg.h</string>
				<key>sourceTree</key>
				<string>SOURCE_ROOT</string>
			</dict>
			<key>5A380B9BB22760D6DEB3B831</key>
			<dict>
				<key>explicitFileType</key>
				<string>sourcecode.c.h</string>
				<key>fileEncoding</key>
				<string>30</string>
				<key>isa</key>
				<string>PBXFileReference</string>
				<key>name</key>
				<string>ofxOscReceiver.h</string>
				<key>path</key>
				<string>../../../Downloads/of_v0.9.8_osx_release/addons/ofxOsc/src/ofxOscReceiver.h</string>
				<key>sourceTree</key>
				<string>SOURCE_ROOT</string>
			</dict>
			<key>C7572A87601BE335F35F53EA</key>
			<dict>
				<key>fileRef</key>
				<string>64B12A3B1BC3B4686810F688</string>
				<key>isa</key>
				<string>PBXBuildFile</string>
			</dict>
			<key>64B12A3B1BC3B4686810F688</key>
			<dict>
				<key>explicitFileType</key>
				<string>sourcecode.cpp.cpp</string>
				<key>fileEncoding</key>
				<string>30</string>
				<key>isa</key>
				<string>PBXFileReference</string>
				<key>name</key>
				<string>ofxOscBundle.cpp</string>
				<key>path</key>
				<string>../../../Downloads/of_v0.9.8_osx_release/addons/ofxOsc/src/ofxOscBundle.cpp</string>
				<key>sourceTree</key>
				<string>SOURCE_ROOT</string>
			</dict>
			<key>1F3FB50FDA61C2E1290C8FAA</key>
			<dict>
				<key>explicitFileType</key>
				<string>sourcecode.c.h</string>
				<key>fileEncoding</key>
				<string>30</string>
				<key>isa</key>
				<string>PBXFileReference</string>
				<key>name</key>
				<string>ofxOsc.h</string>
				<key>path</key>
				<string>../../../Downloads/of_v0.9.8_osx_release/addons/ofxOsc/src/ofxOsc.h</string>
				<key>sourceTree</key>
				<string>SOURCE_ROOT</string>
			</dict>
			<key>F3C51DB874416E0C928AF4C5</key>
			<dict>
				<key>fileRef</key>
				<string>C02C878D01A4FC1E88B9E0D1</string>
				<key>isa</key>
				<string>PBXBuildFile</string>
			</dict>
			<key>C02C878D01A4FC1E88B9E0D1</key>
			<dict>
				<key>explicitFileType</key>
				<string>sourcecode.cpp.cpp</string>
				<key>fileEncoding</key>
				<string>30</string>
				<key>isa</key>
				<string>PBXFileReference</string>
				<key>name</key>
				<string>ofxOscMessage.cpp</string>
				<key>path</key>
				<string>../../../Downloads/of_v0.9.8_osx_release/addons/ofxOsc/src/ofxOscMessage.cpp</string>
				<key>sourceTree</key>
				<string>SOURCE_ROOT</string>
			</dict>
			<key>F94E6A4B970DEB586F6C3C9A</key>
			<dict>
				<key>fileRef</key>
				<string>3EAE45AA0DE42A9FCBB81830</string>
				<key>isa</key>
				<string>PBXBuildFile</string>
			</dict>
			<key>3EAE45AA0DE42A9FCBB81830</key>
			<dict>
				<key>explicitFileType</key>
				<string>sourcecode.cpp.cpp</string>
				<key>fileEncoding</key>
				<string>30</string>
				<key>isa</key>
				<string>PBXFileReference</string>
				<key>name</key>
				<string>ofxOscParameterSync.cpp</string>
				<key>path</key>
				<string>../../../Downloads/of_v0.9.8_osx_release/addons/ofxOsc/src/ofxOscParameterSync.cpp</string>
				<key>sourceTree</key>
				<string>SOURCE_ROOT</string>
			</dict>
			<key>BD2F1A9F8D0C05EDB29122D0</key>
			<dict>
				<key>children</key>
				<array>
					<string>D71180270114A77F473D1D11</string>
					<string>3EAE45AA0DE42A9FCBB81830</string>
					<string>C02C878D01A4FC1E88B9E0D1</string>
					<string>1F3FB50FDA61C2E1290C8FAA</string>
					<string>64B12A3B1BC3B4686810F688</string>
					<string>5A380B9BB22760D6DEB3B831</string>
					<string>7681CE3B44180016E4CEFA2A</string>
					<string>D3EE5A6232AD4A4F01D57C61</string>
					<string>090101E8ED5A12E9A9EE867C</string>
					<string>0283535A523E1F4316A5036C</string>
					<string>ECC7B127908A45440D60EF2A</string>
					<string>9DC50F254D3E2B0A25EC9326</string>
				</array>
				<key>isa</key>
				<string>PBXGroup</string>
				<key>name</key>
				<string>src</string>
				<key>sourceTree</key>
				<string>&lt;group&gt;</string>
			</dict>
			<key>E6053AB7FEC63D5F83825B88</key>
			<dict>
				<key>children</key>
				<array>
					<string>BD2F1A9F8D0C05EDB29122D0</string>
					<string>38871A5825686AE018EC2BF0</string>
				</array>
				<key>isa</key>
				<string>PBXGroup</string>
				<key>name</key>
				<string>ofxOsc</string>
				<key>sourceTree</key>
				<string>&lt;group&gt;</string>
			</dict>
			<key>D71180270114A77F473D1D11</key>
			<dict>
				<key>explicitFileType</key>
				<string>sourcecode.c.h</string>
				<key>fileEncoding</key>
				<string>30</string>
				<key>isa</key>
				<string>PBXFileReference</string>
				<key>name</key>
				<string>ofxOscParameterSync.h</string>
				<key>path</key>
				<string>../../../Downloads/of_v0.9.8_osx_release/addons/ofxOsc/src/ofxOscParameterSync.h</string>
				<key>sourceTree</key>
				<string>SOURCE_ROOT</string>
			</dict>
			<key>8F3221581DDA6665C852E3E4</key>
			<dict>
				<key>explicitFileType</key>
				<string>sourcecode.c.h</string>
				<key>fileEncoding</key>
				<string>30</string>
				<key>isa</key>
				<string>PBXFileReference</string>
				<key>name</key>
				<string>ofxPanel.h</string>
				<key>path</key>
				<string>../../../Downloads/of_v0.9.8_osx_release/addons/ofxGui/src/ofxPanel.h</string>
				<key>sourceTree</key>
				<string>SOURCE_ROOT</string>
			</dict>
			<key>35CAA4CAC13E3C70F42D1FAA</key>
			<dict>
				<key>fileRef</key>
				<string>F8F1135F8B6CD9493E6358A6</string>
				<key>isa</key>
				<string>PBXBuildFile</string>
			</dict>
			<key>F8F1135F8B6CD9493E6358A6</key>
			<dict>
				<key>explicitFileType</key>
				<string>sourcecode.cpp.cpp</string>
				<key>fileEncoding</key>
				<string>30</string>
				<key>isa</key>
				<string>PBXFileReference</string>
				<key>name</key>
				<string>ofxSlider.cpp</string>
				<key>path</key>
				<string>../../../Downloads/of_v0.9.8_osx_release/addons/ofxGui/src/ofxSlider.cpp</string>
				<key>sourceTree</key>
				<string>SOURCE_ROOT</string>
			</dict>
			<key>3699988E625B6BFE1D2D37CD</key>
			<dict>
				<key>fileRef</key>
				<string>E77A72D89A781F12CEC4CF3E</string>
				<key>isa</key>
				<string>PBXBuildFile</string>
			</dict>
			<key>E77A72D89A781F12CEC4CF3E</key>
			<dict>
				<key>explicitFileType</key>
				<string>sourcecode.cpp.cpp</string>
				<key>fileEncoding</key>
				<string>30</string>
				<key>isa</key>
				<string>PBXFileReference</string>
				<key>name</key>
				<string>ofxPanel.cpp</string>
				<key>path</key>
				<string>../../../Downloads/of_v0.9.8_osx_release/addons/ofxGui/src/ofxPanel.cpp</string>
				<key>sourceTree</key>
				<string>SOURCE_ROOT</string>
			</dict>
			<key>346F9A2CC62122B953187B9A</key>
			<dict>
				<key>explicitFileType</key>
				<string>sourcecode.c.h</string>
				<key>fileEncoding</key>
				<string>30</string>
				<key>isa</key>
				<string>PBXFileReference</string>
				<key>name</key>
				<string>ofxSliderGroup.h</string>
				<key>path</key>
				<string>../../../Downloads/of_v0.9.8_osx_release/addons/ofxGui/src/ofxSliderGroup.h</string>
				<key>sourceTree</key>
				<string>SOURCE_ROOT</string>
			</dict>
			<key>35152B55E418A439073E7A95</key>
			<dict>
				<key>explicitFileType</key>
				<string>sourcecode.c.h</string>
				<key>fileEncoding</key>
				<string>30</string>
				<key>isa</key>
				<string>PBXFileReference</string>
				<key>name</key>
				<string>ofxInputField.h</string>
				<key>path</key>
				<string>../../../Downloads/of_v0.9.8_osx_release/addons/ofxGui/src/ofxInputField.h</string>
				<key>sourceTree</key>
				<string>SOURCE_ROOT</string>
			</dict>
			<key>732398EB8EFB1D9CC075EC5D</key>
			<dict>
				<key>explicitFileType</key>
				<string>sourcecode.c.h</string>
				<key>fileEncoding</key>
				<string>30</string>
				<key>isa</key>
				<string>PBXFileReference</string>
				<key>name</key>
				<string>ofxLabel.h</string>
				<key>path</key>
				<string>../../../Downloads/of_v0.9.8_osx_release/addons/ofxGui/src/ofxLabel.h</string>
				<key>sourceTree</key>
				<string>SOURCE_ROOT</string>
			</dict>
			<key>C8CC3FF0E4B343FC16290905</key>
			<dict>
				<key>explicitFileType</key>
				<string>sourcecode.c.h</string>
				<key>fileEncoding</key>
				<string>30</string>
				<key>isa</key>
				<string>PBXFileReference</string>
				<key>name</key>
				<string>ofxButton.h</string>
				<key>path</key>
				<string>../../../Downloads/of_v0.9.8_osx_release/addons/ofxGui/src/ofxButton.h</string>
				<key>sourceTree</key>
				<string>SOURCE_ROOT</string>
			</dict>
			<key>A9AEB0E1A09743D52E72DF91</key>
			<dict>
				<key>explicitFileType</key>
				<string>sourcecode.c.h</string>
				<key>fileEncoding</key>
				<string>30</string>
				<key>isa</key>
				<string>PBXFileReference</string>
				<key>name</key>
				<string>ofxBaseGui.h</string>
				<key>path</key>
				<string>../../../Downloads/of_v0.9.8_osx_release/addons/ofxGui/src/ofxBaseGui.h</string>
				<key>sourceTree</key>
				<string>SOURCE_ROOT</string>
			</dict>
			<key>41728F763A130090ED5E09B4</key>
			<dict>
				<key>explicitFileType</key>
				<string>sourcecode.c.h</string>
				<key>fileEncoding</key>
				<string>30</string>
				<key>isa</key>
				<string>PBXFileReference</string>
				<key>name</key>
				<string>ofxGui.h</string>
				<key>path</key>
				<string>../../../Downloads/of_v0.9.8_osx_release/addons/ofxGui/src/ofxGui.h</string>
				<key>sourceTree</key>
				<string>SOURCE_ROOT</string>
			</dict>
			<key>83805016DF8DF77F40AF88A8</key>
			<dict>
				<key>explicitFileType</key>
				<string>sourcecode.c.h</string>
				<key>fileEncoding</key>
				<string>30</string>
				<key>isa</key>
				<string>PBXFileReference</string>
				<key>name</key>
				<string>ofxSlider.h</string>
				<key>path</key>
				<string>../../../Downloads/of_v0.9.8_osx_release/addons/ofxGui/src/ofxSlider.h</string>
				<key>sourceTree</key>
				<string>SOURCE_ROOT</string>
			</dict>
			<key>6AB6DF0972591AF906450353</key>
			<dict>
				<key>fileRef</key>
				<string>CF933CC87A296305D51AB999</string>
				<key>isa</key>
				<string>PBXBuildFile</string>
			</dict>
			<key>CF933CC87A296305D51AB999</key>
			<dict>
				<key>explicitFileType</key>
				<string>sourcecode.cpp.cpp</string>
				<key>fileEncoding</key>
				<string>30</string>
				<key>isa</key>
				<string>PBXFileReference</string>
				<key>name</key>
				<string>ofxLabel.cpp</string>
				<key>path</key>
				<string>../../../Downloads/of_v0.9.8_osx_release/addons/ofxGui/src/ofxLabel.cpp</string>
				<key>sourceTree</key>
				<string>SOURCE_ROOT</string>
			</dict>
			<key>22C04E068520680A5BAA725B</key>
			<dict>
				<key>explicitFileType</key>
				<string>sourcecode.c.h</string>
				<key>fileEncoding</key>
				<string>30</string>
				<key>isa</key>
				<string>PBXFileReference</string>
				<key>name</key>
				<string>ofxToggle.h</string>
				<key>path</key>
				<string>../../../Downloads/of_v0.9.8_osx_release/addons/ofxGui/src/ofxToggle.h</string>
				<key>sourceTree</key>
				<string>SOURCE_ROOT</string>
			</dict>
			<key>0AB16DC56D2997DE81FA6574</key>
			<dict>
				<key>fileRef</key>
				<string>A6E088702B89F1679D4CF53A</string>
				<key>isa</key>
				<string>PBXBuildFile</string>
			</dict>
			<key>A6E088702B89F1679D4CF53A</key>
			<dict>
				<key>explicitFileType</key>
				<string>sourcecode.cpp.cpp</string>
				<key>fileEncoding</key>
				<string>30</string>
				<key>isa</key>
				<string>PBXFileReference</string>
				<key>name</key>
				<string>ofxInputField.cpp</string>
				<key>path</key>
				<string>../../../Downloads/of_v0.9.8_osx_release/addons/ofxGui/src/ofxInputField.cpp</string>
				<key>sourceTree</key>
				<string>SOURCE_ROOT</string>
			</dict>
			<key>D07C1FCC89BAEF2FE27271B0</key>
			<dict>
				<key>fileRef</key>
				<string>95FD1D017A0299CD5FCCA7DC</string>
				<key>isa</key>
				<string>PBXBuildFile</string>
			</dict>
			<key>95FD1D017A0299CD5FCCA7DC</key>
			<dict>
				<key>explicitFileType</key>
				<string>sourcecode.cpp.cpp</string>
				<key>fileEncoding</key>
				<string>30</string>
				<key>isa</key>
				<string>PBXFileReference</string>
				<key>name</key>
				<string>ofxGuiGroup.cpp</string>
				<key>path</key>
				<string>../../../Downloads/of_v0.9.8_osx_release/addons/ofxGui/src/ofxGuiGroup.cpp</string>
				<key>sourceTree</key>
				<string>SOURCE_ROOT</string>
			</dict>
			<key>DA9197974DD9FD7D7D934D3A</key>
			<dict>
				<key>fileRef</key>
				<string>BA01C78CEDC692647CCCC3FA</string>
				<key>isa</key>
				<string>PBXBuildFile</string>
			</dict>
			<key>BA01C78CEDC692647CCCC3FA</key>
			<dict>
				<key>explicitFileType</key>
				<string>sourcecode.cpp.cpp</string>
				<key>fileEncoding</key>
				<string>30</string>
				<key>isa</key>
				<string>PBXFileReference</string>
				<key>name</key>
				<string>ofxButton.cpp</string>
				<key>path</key>
				<string>../../../Downloads/of_v0.9.8_osx_release/addons/ofxGui/src/ofxButton.cpp</string>
				<key>sourceTree</key>
				<string>SOURCE_ROOT</string>
			</dict>
			<key>FA8F8939FA21E4C6F658B995</key>
			<dict>
				<key>fileRef</key>
				<string>258CF7C5E18AA4505C5864FD</string>
				<key>isa</key>
				<string>PBXBuildFile</string>
			</dict>
			<key>258CF7C5E18AA4505C5864FD</key>
			<dict>
				<key>explicitFileType</key>
				<string>sourcecode.cpp.cpp</string>
				<key>fileEncoding</key>
				<string>30</string>
				<key>isa</key>
				<string>PBXFileReference</string>
				<key>name</key>
				<string>ofxToggle.cpp</string>
				<key>path</key>
				<string>../../../Downloads/of_v0.9.8_osx_release/addons/ofxGui/src/ofxToggle.cpp</string>
				<key>sourceTree</key>
				<string>SOURCE_ROOT</string>
			</dict>
			<key>DB901B10069A5F5E7BFBD907</key>
			<dict>
				<key>fileRef</key>
				<string>E4835DA8E9F4AE0EEDB262E5</string>
				<key>isa</key>
				<string>PBXBuildFile</string>
			</dict>
			<key>E4835DA8E9F4AE0EEDB262E5</key>
			<dict>
				<key>explicitFileType</key>
				<string>sourcecode.cpp.cpp</string>
				<key>fileEncoding</key>
				<string>30</string>
				<key>isa</key>
				<string>PBXFileReference</string>
				<key>name</key>
				<string>ofxSliderGroup.cpp</string>
				<key>path</key>
				<string>../../../Downloads/of_v0.9.8_osx_release/addons/ofxGui/src/ofxSliderGroup.cpp</string>
				<key>sourceTree</key>
				<string>SOURCE_ROOT</string>
			</dict>
			<key>4A9E3E32F5B03F786EFCDB2F</key>
			<dict>
				<key>fileRef</key>
				<string>B938FC48EDD27DB2AA0E5177</string>
				<key>isa</key>
				<string>PBXBuildFile</string>
			</dict>
			<key>B938FC48EDD27DB2AA0E5177</key>
			<dict>
				<key>explicitFileType</key>
				<string>sourcecode.cpp.cpp</string>
				<key>fileEncoding</key>
				<string>30</string>
				<key>isa</key>
				<string>PBXFileReference</string>
				<key>name</key>
				<string>ofxBaseGui.cpp</string>
				<key>path</key>
				<string>../../../Downloads/of_v0.9.8_osx_release/addons/ofxGui/src/ofxBaseGui.cpp</string>
				<key>sourceTree</key>
				<string>SOURCE_ROOT</string>
			</dict>
			<key>A763ED608B35AE3310251DEE</key>
			<dict>
				<key>children</key>
				<array>
					<string>49D611D8674B3D323DD06560</string>
					<string>B938FC48EDD27DB2AA0E5177</string>
					<string>E4835DA8E9F4AE0EEDB262E5</string>
					<string>258CF7C5E18AA4505C5864FD</string>
					<string>BA01C78CEDC692647CCCC3FA</string>
					<string>95FD1D017A0299CD5FCCA7DC</string>
					<string>A6E088702B89F1679D4CF53A</string>
					<string>22C04E068520680A5BAA725B</string>
					<string>CF933CC87A296305D51AB999</string>
					<string>83805016DF8DF77F40AF88A8</string>
					<string>41728F763A130090ED5E09B4</string>
					<string>A9AEB0E1A09743D52E72DF91</string>
					<string>C8CC3FF0E4B343FC16290905</string>
					<string>732398EB8EFB1D9CC075EC5D</string>
					<string>35152B55E418A439073E7A95</string>
					<string>346F9A2CC62122B953187B9A</string>
					<string>E77A72D89A781F12CEC4CF3E</string>
					<string>F8F1135F8B6CD9493E6358A6</string>
					<string>8F3221581DDA6665C852E3E4</string>
				</array>
				<key>isa</key>
				<string>PBXGroup</string>
				<key>name</key>
				<string>src</string>
				<key>sourceTree</key>
				<string>&lt;group&gt;</string>
			</dict>
			<key>480A780D8D0308AE4A368801</key>
			<dict>
				<key>children</key>
				<array>
					<string>A763ED608B35AE3310251DEE</string>
				</array>
				<key>isa</key>
				<string>PBXGroup</string>
				<key>name</key>
				<string>ofxGui</string>
				<key>sourceTree</key>
				<string>&lt;group&gt;</string>
			</dict>
			<key>49D611D8674B3D323DD06560</key>
			<dict>
				<key>explicitFileType</key>
				<string>sourcecode.c.h</string>
				<key>fileEncoding</key>
				<string>30</string>
				<key>isa</key>
				<string>PBXFileReference</string>
				<key>name</key>
				<string>ofxGuiGroup.h</string>
				<key>path</key>
				<string>../../../Downloads/of_v0.9.8_osx_release/addons/ofxGui/src/ofxGuiGroup.h</string>
				<key>sourceTree</key>
				<string>SOURCE_ROOT</string>
			</dict>
			<key>61711D3347CDFB64FA721D44</key>
			<dict>
				<key>children</key>
				<array>
					<string>04135EB09A8D1E464FBA9CD7</string>
				</array>
				<key>isa</key>
				<string>PBXGroup</string>
				<key>name</key>
				<string>include</string>
				<key>sourceTree</key>
				<string>&lt;group&gt;</string>
			</dict>
			<key>FBBD8BC6A172852ABC6FF337</key>
			<dict>
				<key>children</key>
				<array>
					<string>61711D3347CDFB64FA721D44</string>
				</array>
				<key>isa</key>
				<string>PBXGroup</string>
				<key>name</key>
				<string>ccv</string>
				<key>sourceTree</key>
				<string>&lt;group&gt;</string>
			</dict>
			<key>88578B999DE5C1A63035FFCB</key>
			<dict>
				<key>children</key>
				<array>
					<string>FBBD8BC6A172852ABC6FF337</string>
				</array>
				<key>isa</key>
				<string>PBXGroup</string>
				<key>name</key>
				<string>libs</string>
				<key>sourceTree</key>
				<string>&lt;group&gt;</string>
			</dict>
			<key>04135EB09A8D1E464FBA9CD7</key>
			<dict>
				<key>explicitFileType</key>
				<string>sourcecode.c.h</string>
				<key>fileEncoding</key>
				<string>30</string>
				<key>isa</key>
				<string>PBXFileReference</string>
				<key>name</key>
				<string>ccv.h</string>
				<key>path</key>
				<string>../../../Downloads/of_v0.9.8_osx_release/addons/ofxCcv/libs/ccv/include/ccv.h</string>
				<key>sourceTree</key>
				<string>SOURCE_ROOT</string>
			</dict>
			<key>0375CE389FE0761A6D25DF25</key>
			<dict>
				<key>fileRef</key>
				<string>498FAEC149165C1274211BB6</string>
				<key>isa</key>
				<string>PBXBuildFile</string>
			</dict>
			<key>498FAEC149165C1274211BB6</key>
			<dict>
				<key>explicitFileType</key>
				<string>sourcecode.cpp.cpp</string>
				<key>fileEncoding</key>
				<string>30</string>
				<key>isa</key>
				<string>PBXFileReference</string>
				<key>name</key>
				<string>ofxCcv.cpp</string>
				<key>path</key>
				<string>../../../Downloads/of_v0.9.8_osx_release/addons/ofxCcv/src/ofxCcv.cpp</string>
				<key>sourceTree</key>
				<string>SOURCE_ROOT</string>
			</dict>
			<key>CBD10E62E7E6E2DA133E22ED</key>
			<dict>
				<key>children</key>
				<array>
					<string>3058FD83D96472C506477F93</string>
					<string>498FAEC149165C1274211BB6</string>
				</array>
				<key>isa</key>
				<string>PBXGroup</string>
				<key>name</key>
				<string>src</string>
				<key>sourceTree</key>
				<string>&lt;group&gt;</string>
			</dict>
			<key>795B0427BBCB5647F47B56C8</key>
			<dict>
				<key>children</key>
				<array>
					<string>CBD10E62E7E6E2DA133E22ED</string>
					<string>88578B999DE5C1A63035FFCB</string>
				</array>
				<key>isa</key>
				<string>PBXGroup</string>
				<key>name</key>
				<string>ofxCcv</string>
				<key>sourceTree</key>
				<string>&lt;group&gt;</string>
			</dict>
			<key>3058FD83D96472C506477F93</key>
			<dict>
				<key>explicitFileType</key>
				<string>sourcecode.c.h</string>
				<key>fileEncoding</key>
				<string>30</string>
				<key>isa</key>
				<string>PBXFileReference</string>
				<key>name</key>
				<string>ofxCcv.h</string>
				<key>path</key>
				<string>../../../Downloads/of_v0.9.8_osx_release/addons/ofxCcv/src/ofxCcv.h</string>
				<key>sourceTree</key>
				<string>SOURCE_ROOT</string>
			</dict>
			<key>1B370261191D0FBFF05F9C6C</key>
			<dict>
				<key>explicitFileType</key>
				<string>sourcecode.c.h</string>
				<key>fileEncoding</key>
				<string>30</string>
				<key>isa</key>
				<string>PBXFileReference</string>
				<key>name</key>
				<string>AVFPlayer.h</string>
				<key>path</key>
				<string>../../../Downloads/of_v0.9.8_osx_release/addons/ofxAvFoundationHLSPlayer/src/AVFPlayer.h</string>
				<key>sourceTree</key>
				<string>SOURCE_ROOT</string>
			</dict>
			<key>A3AFD5CD8228D2F7CA91CC4C</key>
			<dict>
				<key>explicitFileType</key>
				<string>sourcecode.c.h</string>
				<key>fileEncoding</key>
				<string>30</string>
				<key>isa</key>
				<string>PBXFileReference</string>
				<key>name</key>
				<string>ofxAvFoundationHLSPlayer.h</string>
				<key>path</key>
				<string>../../../Downloads/of_v0.9.8_osx_release/addons/ofxAvFoundationHLSPlayer/src/ofxAvFoundationHLSPlayer.h</string>
				<key>sourceTree</key>
				<string>SOURCE_ROOT</string>
			</dict>
			<key>0C44A45B7FFA5898841944F2</key>
			<dict>
				<key>fileRef</key>
				<string>F509A3197E960AB1B849B598</string>
				<key>isa</key>
				<string>PBXBuildFile</string>
			</dict>
			<key>F509A3197E960AB1B849B598</key>
			<dict>
				<key>explicitFileType</key>
				<string>sourcecode.cpp.objcpp</string>
				<key>fileEncoding</key>
				<string>30</string>
				<key>isa</key>
				<string>PBXFileReference</string>
				<key>name</key>
				<string>AVFPlayer.mm</string>
				<key>path</key>
				<string>../../../Downloads/of_v0.9.8_osx_release/addons/ofxAvFoundationHLSPlayer/src/AVFPlayer.mm</string>
				<key>sourceTree</key>
				<string>SOURCE_ROOT</string>
			</dict>
			<key>74CD2CAF56EABCF7CB84E879</key>
			<dict>
				<key>children</key>
				<array>
					<string>D66E25835B07597B0FB936B1</string>
					<string>F509A3197E960AB1B849B598</string>
					<string>A3AFD5CD8228D2F7CA91CC4C</string>
					<string>1B370261191D0FBFF05F9C6C</string>
				</array>
				<key>isa</key>
				<string>PBXGroup</string>
				<key>name</key>
				<string>src</string>
				<key>sourceTree</key>
				<string>&lt;group&gt;</string>
			</dict>
			<key>344437EDAD6718F9FD023232</key>
			<dict>
				<key>children</key>
				<array>
					<string>74CD2CAF56EABCF7CB84E879</string>
				</array>
				<key>isa</key>
				<string>PBXGroup</string>
				<key>name</key>
				<string>ofxAvFoundationHLSPlayer</string>
				<key>sourceTree</key>
				<string>&lt;group&gt;</string>
			</dict>
			<key>04D1AD47DCC70430F019C21E</key>
			<dict>
				<key>fileRef</key>
				<string>D66E25835B07597B0FB936B1</string>
				<key>isa</key>
				<string>PBXBuildFile</string>
			</dict>
			<key>D66E25835B07597B0FB936B1</key>
			<dict>
				<key>explicitFileType</key>
				<string>sourcecode.cpp.objcpp</string>
				<key>fileEncoding</key>
				<string>30</string>
				<key>isa</key>
				<string>PBXFileReference</string>
				<key>name</key>
				<string>ofxAvFoundationHLSPlayer.mm</string>
				<key>path</key>
				<string>../../../Downloads/of_v0.9.8_osx_release/addons/ofxAvFoundationHLSPlayer/src/ofxAvFoundationHLSPlayer.mm</string>
				<key>sourceTree</key>
				<string>SOURCE_ROOT</string>
			</dict>
			<key>6948EE371B920CB800B5AC1A</key>
			<dict>
				<key>children</key>
				<array />
				<key>isa</key>
				<string>PBXGroup</string>
				<key>name</key>
				<string>local_addons</string>
				<key>sourceTree</key>
				<string>&lt;group&gt;</string>
			</dict>
			<key>BB4B014C10F69532006C3DED</key>
			<dict>
				<key>children</key>
				<array>
					<string>344437EDAD6718F9FD023232</string>
					<string>795B0427BBCB5647F47B56C8</string>
					<string>480A780D8D0308AE4A368801</string>
					<string>E6053AB7FEC63D5F83825B88</string>
					<string>7F3C04577424427D348B1425</string>
				</array>
				<key>isa</key>
				<string>PBXGroup</string>
				<key>name</key>
				<string>addons</string>
				<key>sourceTree</key>
				<string>&lt;group&gt;</string>
			</dict>
			<key>E4328143138ABC890047C5CB</key>
			<dict>
				<key>isa</key>
				<string>PBXFileReference</string>
				<key>lastKnownFileType</key>
				<string>wrapper.pb-project</string>
				<key>name</key>
				<string>openFrameworksLib.xcodeproj</string>
				<key>path</key>
				<string>../../../Downloads/of_v0.9.8_osx_release/libs/openFrameworksCompiled/project/osx/openFrameworksLib.xcodeproj</string>
				<key>sourceTree</key>
				<string>SOURCE_ROOT</string>
			</dict>
			<key>E4328144138ABC890047C5CB</key>
			<dict>
				<key>children</key>
				<array>
					<string>E4328148138ABC890047C5CB</string>
				</array>
				<key>isa</key>
				<string>PBXGroup</string>
				<key>name</key>
				<string>Products</string>
				<key>sourceTree</key>
				<string>&lt;group&gt;</string>
			</dict>
			<key>E4328147138ABC890047C5CB</key>
			<dict>
				<key>containerPortal</key>
				<string>E4328143138ABC890047C5CB</string>
				<key>isa</key>
				<string>PBXContainerItemProxy</string>
				<key>proxyType</key>
				<string>2</string>
				<key>remoteGlobalIDString</key>
				<string>E4B27C1510CBEB8E00536013</string>
				<key>remoteInfo</key>
				<string>openFrameworks</string>
			</dict>
			<key>E4328148138ABC890047C5CB</key>
			<dict>
				<key>fileType</key>
				<string>archive.ar</string>
				<key>isa</key>
				<string>PBXReferenceProxy</string>
				<key>path</key>
				<string>openFrameworksDebug.a</string>
				<key>remoteRef</key>
				<string>E4328147138ABC890047C5CB</string>
				<key>sourceTree</key>
				<string>BUILT_PRODUCTS_DIR</string>
			</dict>
			<key>E4328149138ABC9F0047C5CB</key>
			<dict>
				<key>fileRef</key>
				<string>E4328148138ABC890047C5CB</string>
				<key>isa</key>
				<string>PBXBuildFile</string>
			</dict>
			<key>E4B69B4A0A3A1720003C02F2</key>
			<dict>
				<key>children</key>
				<array>
					<string>E4B6FCAD0C3E899E008CF71C</string>
					<string>E4EB6923138AFD0F00A09F29</string>
					<string>E4B69E1C0A3A1BDC003C02F2</string>
					<string>E4EEC9E9138DF44700A80321</string>
					<string>BB4B014C10F69532006C3DED</string>
					<string>6948EE371B920CB800B5AC1A</string>
					<string>E4B69B5B0A3A1756003C02F2</string>
				</array>
				<key>isa</key>
				<string>PBXGroup</string>
				<key>sourceTree</key>
				<string>&lt;group&gt;</string>
			</dict>
			<key>E4B69B4C0A3A1720003C02F2</key>
			<dict>
				<key>attributes</key>
				<dict>
					<key>LastUpgradeCheck</key>
					<string>0600</string>
				</dict>
				<key>buildConfigurationList</key>
				<string>E4B69B4D0A3A1720003C02F2</string>
				<key>compatibilityVersion</key>
				<string>Xcode 3.2</string>
				<key>developmentRegion</key>
				<string>English</string>
				<key>hasScannedForEncodings</key>
				<string>0</string>
				<key>isa</key>
				<string>PBXProject</string>
				<key>knownRegions</key>
				<array>
					<string>English</string>
					<string>Japanese</string>
					<string>French</string>
					<string>German</string>
				</array>
				<key>mainGroup</key>
				<string>E4B69B4A0A3A1720003C02F2</string>
				<key>productRefGroup</key>
				<string>E4B69B4A0A3A1720003C02F2</string>
				<key>projectDirPath</key>
				<string />
				<key>projectReferences</key>
				<array>
					<dict>
						<key>ProductGroup</key>
						<string>E4328144138ABC890047C5CB</string>
						<key>ProjectRef</key>
						<string>E4328143138ABC890047C5CB</string>
					</dict>
				</array>
				<key>projectRoot</key>
				<string />
				<key>targets</key>
				<array>
					<string>E4B69B5A0A3A1756003C02F2</string>
				</array>
			</dict>
			<key>E4B69B4D0A3A1720003C02F2</key>
			<dict>
				<key>buildConfigurations</key>
				<array>
					<string>E4B69B4E0A3A1720003C02F2</string>
					<string>E4B69B4F0A3A1720003C02F2</string>
				</array>
				<key>defaultConfigurationIsVisible</key>
				<string>0</string>
				<key>defaultConfigurationName</key>
				<string>Release</string>
				<key>isa</key>
				<string>XCConfigurationList</string>
			</dict>
			<key>E4B69B4E0A3A1720003C02F2</key>
			<dict>
				<key>baseConfigurationReference</key>
				<string>E4EB6923138AFD0F00A09F29</string>
				<key>buildSettings</key>
				<dict>
					<key>OTHER_LDFLAGS</key>
					<array>
						<string>$(OF_CORE_FRAMEWORKS) $(OF_CORE_LIBS)</string>
						<string>../../../Downloads/of_v0.9.8_osx_release/addons/ofxCcv/libs/ccv/lib/osx/ccv.a</string>
					</array>
					<key>HEADER_SEARCH_PATHS</key>
					<array>
						<string>$(OF_CORE_HEADERS)</string>
						<string>src</string>
						<string>../../../Downloads/of_v0.9.8_osx_release/addons/ofxAvFoundationHLSPlayer/src</string>
						<string>../../../Downloads/of_v0.9.8_osx_release/addons/ofxCcv/libs</string>
						<string>../../../Downloads/of_v0.9.8_osx_release/addons/ofxCcv/libs/ccv</string>
						<string>../../../Downloads/of_v0.9.8_osx_release/addons/ofxCcv/libs/ccv/include</string>
						<string>../../../Downloads/of_v0.9.8_osx_release/addons/ofxCcv/libs/ccv/lib</string>
						<string>../../../Downloads/of_v0.9.8_osx_release/addons/ofxCcv/libs/ccv/lib/osx</string>
						<string>../../../Downloads/of_v0.9.8_osx_release/addons/ofxCcv/src</string>
						<string>../../../Downloads/of_v0.9.8_osx_release/addons/ofxGui/src</string>
						<string>../../../Downloads/of_v0.9.8_osx_release/addons/ofxOsc/libs</string>
						<string>../../../Downloads/of_v0.9.8_osx_release/addons/ofxOsc/libs/oscpack</string>
						<string>../../../Downloads/of_v0.9.8_osx_release/addons/ofxOsc/libs/oscpack/src</string>
						<string>../../../Downloads/of_v0.9.8_osx_release/addons/ofxOsc/libs/oscpack/src/ip</string>
						<string>../../../Downloads/of_v0.9.8_osx_release/addons/ofxOsc/libs/oscpack/src/ip/posix</string>
						<string>../../../Downloads/of_v0.9.8_osx_release/addons/ofxOsc/libs/oscpack/src/ip/win32</string>
						<string>../../../Downloads/of_v0.9.8_osx_release/addons/ofxOsc/libs/oscpack/src/osc</string>
						<string>../../../Downloads/of_v0.9.8_osx_release/addons/ofxOsc/src</string>
						<string>../../../Downloads/of_v0.9.8_osx_release/addons/ofxSyphon/libs</string>
						<string>../../../Downloads/of_v0.9.8_osx_release/addons/ofxSyphon/libs/Syphon</string>
						<string>../../../Downloads/of_v0.9.8_osx_release/addons/ofxSyphon/libs/Syphon/lib</string>
						<string>../../../Downloads/of_v0.9.8_osx_release/addons/ofxSyphon/libs/Syphon/lib/osx</string>
						<string>../../../Downloads/of_v0.9.8_osx_release/addons/ofxSyphon/libs/Syphon/src</string>
						<string>../../../Downloads/of_v0.9.8_osx_release/addons/ofxSyphon/src</string>
					</array>
					<key>CONFIGURATION_BUILD_DIR</key>
					<string>$(SRCROOT)/bin/</string>
					<key>COPY_PHASE_STRIP</key>
					<string>NO</string>
					<key>DEAD_CODE_STRIPPING</key>
					<string>YES</string>
					<key>GCC_AUTO_VECTORIZATION</key>
					<string>YES</string>
					<key>GCC_ENABLE_SSE3_EXTENSIONS</key>
					<string>YES</string>
					<key>GCC_ENABLE_SUPPLEMENTAL_SSE3_INSTRUCTIONS</key>
					<string>YES</string>
					<key>GCC_INLINES_ARE_PRIVATE_EXTERN</key>
					<string>NO</string>
					<key>GCC_OPTIMIZATION_LEVEL</key>
					<string>0</string>
					<key>GCC_SYMBOLS_PRIVATE_EXTERN</key>
					<string>NO</string>
					<key>GCC_WARN_ABOUT_DEPRECATED_FUNCTIONS</key>
					<string>YES</string>
					<key>GCC_WARN_ABOUT_INVALID_OFFSETOF_MACRO</key>
					<string>NO</string>
					<key>GCC_WARN_ALLOW_INCOMPLETE_PROTOCOL</key>
					<string>NO</string>
					<key>GCC_WARN_UNINITIALIZED_AUTOS</key>
					<string>NO</string>
					<key>GCC_WARN_UNUSED_VALUE</key>
					<string>NO</string>
					<key>GCC_WARN_UNUSED_VARIABLE</key>
					<string>NO</string>
					<key>MACOSX_DEPLOYMENT_TARGET</key>
					<string>10.8</string>
					<key>ONLY_ACTIVE_ARCH</key>
					<string>YES</string>
					<key>OTHER_CPLUSPLUSFLAGS</key>
					<array>
						<string>-D__MACOSX_CORE__</string>
						<string>-mtune=native</string>
					</array>
					<key>SDKROOT</key>
					<string>macosx</string>
				</dict>
				<key>isa</key>
				<string>XCBuildConfiguration</string>
				<key>name</key>
				<string>Debug</string>
			</dict>
			<key>E4B69B4F0A3A1720003C02F2</key>
			<dict>
				<key>baseConfigurationReference</key>
				<string>E4EB6923138AFD0F00A09F29</string>
				<key>buildSettings</key>
				<dict>
					<key>OTHER_LDFLAGS</key>
					<array>
						<string>$(OF_CORE_FRAMEWORKS) $(OF_CORE_LIBS)</string>
						<string>../../../Downloads/of_v0.9.8_osx_release/addons/ofxCcv/libs/ccv/lib/osx/ccv.a</string>
					</array>
					<key>HEADER_SEARCH_PATHS</key>
					<array>
						<string>$(OF_CORE_HEADERS)</string>
						<string>src</string>
						<string>../../../Downloads/of_v0.9.8_osx_release/addons/ofxAvFoundationHLSPlayer/src</string>
						<string>../../../Downloads/of_v0.9.8_osx_release/addons/ofxCcv/libs</string>
						<string>../../../Downloads/of_v0.9.8_osx_release/addons/ofxCcv/libs/ccv</string>
						<string>../../../Downloads/of_v0.9.8_osx_release/addons/ofxCcv/libs/ccv/include</string>
						<string>../../../Downloads/of_v0.9.8_osx_release/addons/ofxCcv/libs/ccv/lib</string>
						<string>../../../Downloads/of_v0.9.8_osx_release/addons/ofxCcv/libs/ccv/lib/osx</string>
						<string>../../../Downloads/of_v0.9.8_osx_release/addons/ofxCcv/src</string>
						<string>../../../Downloads/of_v0.9.8_osx_release/addons/ofxGui/src</string>
						<string>../../../Downloads/of_v0.9.8_osx_release/addons/ofxOsc/libs</string>
						<string>../../../Downloads/of_v0.9.8_osx_release/addons/ofxOsc/libs/oscpack</string>
						<string>../../../Downloads/of_v0.9.8_osx_release/addons/ofxOsc/libs/oscpack/src</string>
						<string>../../../Downloads/of_v0.9.8_osx_release/addons/ofxOsc/libs/oscpack/src/ip</string>
						<string>../../../Downloads/of_v0.9.8_osx_release/addons/ofxOsc/libs/oscpack/src/ip/posix</string>
						<string>../../../Downloads/of_v0.9.8_osx_release/addons/ofxOsc/libs/oscpack/src/ip/win32</string>
						<string>../../../Downloads/of_v0.9.8_osx_release/addons/ofxOsc/libs/oscpack/src/osc</string>
						<string>../../../Downloads/of_v0.9.8_osx_release/addons/ofxOsc/src</string>
						<string>../../../Downloads/of_v0.9.8_osx_release/addons/ofxSyphon/libs</string>
						<string>../../../Downloads/of_v0.9.8_osx_release/addons/ofxSyphon/libs/Syphon</string>
						<string>../../../Downloads/of_v0.9.8_osx_release/addons/ofxSyphon/libs/Syphon/lib</string>
						<string>../../../Downloads/of_v0.9.8_osx_release/addons/ofxSyphon/libs/Syphon/lib/osx</string>
						<string>../../../Downloads/of_v0.9.8_osx_release/addons/ofxSyphon/libs/Syphon/src</string>
						<string>../../../Downloads/of_v0.9.8_osx_release/addons/ofxSyphon/src</string>
					</array>
					<key>CONFIGURATION_BUILD_DIR</key>
					<string>$(SRCROOT)/bin/</string>
					<key>COPY_PHASE_STRIP</key>
					<string>YES</string>
					<key>DEAD_CODE_STRIPPING</key>
					<string>YES</string>
					<key>GCC_AUTO_VECTORIZATION</key>
					<string>YES</string>
					<key>GCC_ENABLE_SSE3_EXTENSIONS</key>
					<string>YES</string>
					<key>GCC_ENABLE_SUPPLEMENTAL_SSE3_INSTRUCTIONS</key>
					<string>YES</string>
					<key>GCC_INLINES_ARE_PRIVATE_EXTERN</key>
					<string>NO</string>
					<key>GCC_OPTIMIZATION_LEVEL</key>
					<string>3</string>
					<key>GCC_SYMBOLS_PRIVATE_EXTERN</key>
					<string>NO</string>
					<key>GCC_UNROLL_LOOPS</key>
					<string>YES</string>
					<key>GCC_WARN_ABOUT_DEPRECATED_FUNCTIONS</key>
					<string>YES</string>
					<key>GCC_WARN_ABOUT_INVALID_OFFSETOF_MACRO</key>
					<string>NO</string>
					<key>GCC_WARN_ALLOW_INCOMPLETE_PROTOCOL</key>
					<string>NO</string>
					<key>GCC_WARN_UNINITIALIZED_AUTOS</key>
					<string>NO</string>
					<key>GCC_WARN_UNUSED_VALUE</key>
					<string>NO</string>
					<key>GCC_WARN_UNUSED_VARIABLE</key>
					<string>NO</string>
					<key>MACOSX_DEPLOYMENT_TARGET</key>
					<string>10.8</string>
					<key>OTHER_CPLUSPLUSFLAGS</key>
					<array>
						<string>-D__MACOSX_CORE__</string>
						<string>-mtune=native</string>
					</array>
					<key>SDKROOT</key>
					<string>macosx</string>
				</dict>
				<key>isa</key>
				<string>XCBuildConfiguration</string>
				<key>name</key>
				<string>Release</string>
			</dict>
			<key>E4B69B580A3A1756003C02F2</key>
			<dict>
				<key>buildActionMask</key>
				<string>2147483647</string>
				<key>files</key>
				<array>
					<string>E4B69E200A3A1BDC003C02F2</string>
					<string>E4B69E210A3A1BDC003C02F2</string>
					<string>04D1AD47DCC70430F019C21E</string>
					<string>0C44A45B7FFA5898841944F2</string>
					<string>0375CE389FE0761A6D25DF25</string>
					<string>4A9E3E32F5B03F786EFCDB2F</string>
					<string>DB901B10069A5F5E7BFBD907</string>
					<string>FA8F8939FA21E4C6F658B995</string>
					<string>DA9197974DD9FD7D7D934D3A</string>
					<string>D07C1FCC89BAEF2FE27271B0</string>
					<string>0AB16DC56D2997DE81FA6574</string>
					<string>6AB6DF0972591AF906450353</string>
					<string>3699988E625B6BFE1D2D37CD</string>
					<string>35CAA4CAC13E3C70F42D1FAA</string>
					<string>F94E6A4B970DEB586F6C3C9A</string>
					<string>F3C51DB874416E0C928AF4C5</string>
					<string>C7572A87601BE335F35F53EA</string>
					<string>194940A6D1657B0914760267</string>
					<string>A8CBE546E73AC86E6C4744A8</string>
					<string>3DD981AB304116F27CE43FF3</string>
					<string>FB83EC4C283AE9153645C161</string>
					<string>911BA892F3C77EBE5F46F279</string>
					<string>C34A005EE26FE9D02EE9ED2A</string>
					<string>CC42AB7D9FF4A1E60D332B7B</string>
					<string>F25011691E3D205E0017222E</string>
					<string>509E146AABEAA07EE24BC19E</string>
					<string>B5EB1A38508FC052B8CA2A8F</string>
					<string>799E3117166BDB98CE8A769E</string>
					<string>2B947B08FA9E48C4F910CBA3</string>
					<string>66F090EC5522657C7252DB22</string>
				</array>
				<key>isa</key>
				<string>PBXSourcesBuildPhase</string>
				<key>runOnlyForDeploymentPostprocessing</key>
				<string>0</string>
			</dict>
			<key>E4B69B590A3A1756003C02F2</key>
			<dict>
				<key>buildActionMask</key>
				<string>2147483647</string>
				<key>files</key>
				<array>
					<string>E4328149138ABC9F0047C5CB</string>
					<string>E1A3FD40C8BCD507345F1126</string>
				</array>
				<key>isa</key>
				<string>PBXFrameworksBuildPhase</string>
				<key>runOnlyForDeploymentPostprocessing</key>
				<string>0</string>
			</dict>
			<key>E4B69B5A0A3A1756003C02F2</key>
			<dict>
				<key>buildConfigurationList</key>
				<string>E4B69B5F0A3A1757003C02F2</string>
				<key>buildPhases</key>
				<array>
					<string>E4B69B580A3A1756003C02F2</string>
					<string>E4B69B590A3A1756003C02F2</string>
					<string>E4B6FFFD0C3F9AB9008CF71C</string>
					<string>E4C2427710CC5ABF004149E2</string>
				</array>
				<key>buildRules</key>
				<array />
				<key>dependencies</key>
				<array>
					<string>E4EEB9AC138B136A00A80321</string>
				</array>
				<key>isa</key>
				<string>PBXNativeTarget</string>
				<key>name</key>
				<string>Data2Wekinator</string>
				<key>productName</key>
				<string>myOFApp</string>
				<key>productReference</key>
				<string>E4B69B5B0A3A1756003C02F2</string>
				<key>productType</key>
				<string>com.apple.product-type.application</string>
			</dict>
			<key>E4B69B5B0A3A1756003C02F2</key>
			<dict>
				<key>explicitFileType</key>
				<string>wrapper.application</string>
				<key>includeInIndex</key>
				<string>0</string>
				<key>isa</key>
				<string>PBXFileReference</string>
				<key>path</key>
				<string>Data2WekinatorDebug.app</string>
				<key>sourceTree</key>
				<string>BUILT_PRODUCTS_DIR</string>
			</dict>
			<key>E4B69B5F0A3A1757003C02F2</key>
			<dict>
				<key>buildConfigurations</key>
				<array>
					<string>E4B69B600A3A1757003C02F2</string>
					<string>E4B69B610A3A1757003C02F2</string>
				</array>
				<key>defaultConfigurationIsVisible</key>
				<string>0</string>
				<key>defaultConfigurationName</key>
				<string>Release</string>
				<key>isa</key>
				<string>XCConfigurationList</string>
			</dict>
			<key>E4B69B600A3A1757003C02F2</key>
			<dict>
				<key>baseConfigurationReference</key>
				<string>E4EB6923138AFD0F00A09F29</string>
				<key>buildSettings</key>
				<dict>
					<key>OTHER_LDFLAGS</key>
					<array>
						<string>$(OF_CORE_FRAMEWORKS) $(OF_CORE_LIBS)</string>
						<string>../../../Downloads/of_v0.9.8_osx_release/addons/ofxCcv/libs/ccv/lib/osx/ccv.a</string>
					</array>
					<key>HEADER_SEARCH_PATHS</key>
					<array>
						<string>$(OF_CORE_HEADERS)</string>
						<string>src</string>
						<string>../../../Downloads/of_v0.9.8_osx_release/addons/ofxAvFoundationHLSPlayer/src</string>
						<string>../../../Downloads/of_v0.9.8_osx_release/addons/ofxCcv/libs</string>
						<string>../../../Downloads/of_v0.9.8_osx_release/addons/ofxCcv/libs/ccv</string>
						<string>../../../Downloads/of_v0.9.8_osx_release/addons/ofxCcv/libs/ccv/include</string>
						<string>../../../Downloads/of_v0.9.8_osx_release/addons/ofxCcv/libs/ccv/lib</string>
						<string>../../../Downloads/of_v0.9.8_osx_release/addons/ofxCcv/libs/ccv/lib/osx</string>
						<string>../../../Downloads/of_v0.9.8_osx_release/addons/ofxCcv/src</string>
						<string>../../../Downloads/of_v0.9.8_osx_release/addons/ofxGui/src</string>
						<string>../../../Downloads/of_v0.9.8_osx_release/addons/ofxOsc/libs</string>
						<string>../../../Downloads/of_v0.9.8_osx_release/addons/ofxOsc/libs/oscpack</string>
						<string>../../../Downloads/of_v0.9.8_osx_release/addons/ofxOsc/libs/oscpack/src</string>
						<string>../../../Downloads/of_v0.9.8_osx_release/addons/ofxOsc/libs/oscpack/src/ip</string>
						<string>../../../Downloads/of_v0.9.8_osx_release/addons/ofxOsc/libs/oscpack/src/ip/posix</string>
						<string>../../../Downloads/of_v0.9.8_osx_release/addons/ofxOsc/libs/oscpack/src/ip/win32</string>
						<string>../../../Downloads/of_v0.9.8_osx_release/addons/ofxOsc/libs/oscpack/src/osc</string>
						<string>../../../Downloads/of_v0.9.8_osx_release/addons/ofxOsc/src</string>
						<string>../../../Downloads/of_v0.9.8_osx_release/addons/ofxSyphon/libs</string>
						<string>../../../Downloads/of_v0.9.8_osx_release/addons/ofxSyphon/libs/Syphon</string>
						<string>../../../Downloads/of_v0.9.8_osx_release/addons/ofxSyphon/libs/Syphon/lib</string>
						<string>../../../Downloads/of_v0.9.8_osx_release/addons/ofxSyphon/libs/Syphon/lib/osx</string>
						<string>../../../Downloads/of_v0.9.8_osx_release/addons/ofxSyphon/libs/Syphon/src</string>
						<string>../../../Downloads/of_v0.9.8_osx_release/addons/ofxSyphon/src</string>
					</array>
					<key>COMBINE_HIDPI_IMAGES</key>
					<string>YES</string>
					<key>COPY_PHASE_STRIP</key>
					<string>NO</string>
					<key>FRAMEWORK_SEARCH_PATHS</key>
					<array>
						<string>$(inherited)</string>
						<string>$(FRAMEWORK_SEARCH_PATHS_QUOTED_FOR_TARGET_1)</string>
						<string>../../../Downloads/of_v0.9.8_osx_release/addons/ofxSyphon/libs/Syphon/lib/osx</string>
					</array>
					<key>FRAMEWORK_SEARCH_PATHS_QUOTED_FOR_TARGET_1</key>
					<string>"$(SRCROOT)/../../../Downloads/of_v0.9.8_osx_release/libs/glut/lib/osx"</string>
					<key>GCC_DYNAMIC_NO_PIC</key>
					<string>NO</string>
					<key>GCC_GENERATE_DEBUGGING_SYMBOLS</key>
					<string>YES</string>
					<key>GCC_MODEL_TUNING</key>
					<string>NONE</string>
					<key>ICON</key>
					<string>$(ICON_NAME_DEBUG)</string>
					<key>ICON_FILE</key>
					<string>$(ICON_FILE_PATH)$(ICON)</string>
					<key>INFOPLIST_FILE</key>
					<string>openFrameworks-Info.plist</string>
					<key>INSTALL_PATH</key>
					<string>/Applications</string>
					<key>LIBRARY_SEARCH_PATHS</key>
					<string>$(inherited)</string>
					<key>PRODUCT_NAME</key>
					<string>$(TARGET_NAME)Debug</string>
					<key>WRAPPER_EXTENSION</key>
					<string>app</string>
				</dict>
				<key>isa</key>
				<string>XCBuildConfiguration</string>
				<key>name</key>
				<string>Debug</string>
			</dict>
			<key>E4B69B610A3A1757003C02F2</key>
			<dict>
				<key>baseConfigurationReference</key>
				<string>E4EB6923138AFD0F00A09F29</string>
				<key>buildSettings</key>
				<dict>
					<key>OTHER_LDFLAGS</key>
					<array>
						<string>$(OF_CORE_FRAMEWORKS) $(OF_CORE_LIBS)</string>
						<string>../../../Downloads/of_v0.9.8_osx_release/addons/ofxCcv/libs/ccv/lib/osx/ccv.a</string>
					</array>
					<key>HEADER_SEARCH_PATHS</key>
					<array>
						<string>$(OF_CORE_HEADERS)</string>
						<string>src</string>
						<string>../../../Downloads/of_v0.9.8_osx_release/addons/ofxAvFoundationHLSPlayer/src</string>
						<string>../../../Downloads/of_v0.9.8_osx_release/addons/ofxCcv/libs</string>
						<string>../../../Downloads/of_v0.9.8_osx_release/addons/ofxCcv/libs/ccv</string>
						<string>../../../Downloads/of_v0.9.8_osx_release/addons/ofxCcv/libs/ccv/include</string>
						<string>../../../Downloads/of_v0.9.8_osx_release/addons/ofxCcv/libs/ccv/lib</string>
						<string>../../../Downloads/of_v0.9.8_osx_release/addons/ofxCcv/libs/ccv/lib/osx</string>
						<string>../../../Downloads/of_v0.9.8_osx_release/addons/ofxCcv/src</string>
						<string>../../../Downloads/of_v0.9.8_osx_release/addons/ofxGui/src</string>
						<string>../../../Downloads/of_v0.9.8_osx_release/addons/ofxOsc/libs</string>
						<string>../../../Downloads/of_v0.9.8_osx_release/addons/ofxOsc/libs/oscpack</string>
						<string>../../../Downloads/of_v0.9.8_osx_release/addons/ofxOsc/libs/oscpack/src</string>
						<string>../../../Downloads/of_v0.9.8_osx_release/addons/ofxOsc/libs/oscpack/src/ip</string>
						<string>../../../Downloads/of_v0.9.8_osx_release/addons/ofxOsc/libs/oscpack/src/ip/posix</string>
						<string>../../../Downloads/of_v0.9.8_osx_release/addons/ofxOsc/libs/oscpack/src/ip/win32</string>
						<string>../../../Downloads/of_v0.9.8_osx_release/addons/ofxOsc/libs/oscpack/src/osc</string>
						<string>../../../Downloads/of_v0.9.8_osx_release/addons/ofxOsc/src</string>
						<string>../../../Downloads/of_v0.9.8_osx_release/addons/ofxSyphon/libs</string>
						<string>../../../Downloads/of_v0.9.8_osx_release/addons/ofxSyphon/libs/Syphon</string>
						<string>../../../Downloads/of_v0.9.8_osx_release/addons/ofxSyphon/libs/Syphon/lib</string>
						<string>../../../Downloads/of_v0.9.8_osx_release/addons/ofxSyphon/libs/Syphon/lib/osx</string>
						<string>../../../Downloads/of_v0.9.8_osx_release/addons/ofxSyphon/libs/Syphon/src</string>
						<string>../../../Downloads/of_v0.9.8_osx_release/addons/ofxSyphon/src</string>
					</array>
					<key>COMBINE_HIDPI_IMAGES</key>
					<string>YES</string>
					<key>COPY_PHASE_STRIP</key>
					<string>YES</string>
					<key>FRAMEWORK_SEARCH_PATHS</key>
					<array>
						<string>$(inherited)</string>
						<string>$(FRAMEWORK_SEARCH_PATHS_QUOTED_FOR_TARGET_1)</string>
						<string>../../../Downloads/of_v0.9.8_osx_release/addons/ofxSyphon/libs/Syphon/lib/osx</string>
					</array>
					<key>FRAMEWORK_SEARCH_PATHS_QUOTED_FOR_TARGET_1</key>
					<string>"$(SRCROOT)/../../../Downloads/of_v0.9.8_osx_release/libs/glut/lib/osx"</string>
					<key>GCC_GENERATE_DEBUGGING_SYMBOLS</key>
					<string>YES</string>
					<key>GCC_MODEL_TUNING</key>
					<string>NONE</string>
					<key>ICON</key>
					<string>$(ICON_NAME_RELEASE)</string>
					<key>ICON_FILE</key>
					<string>$(ICON_FILE_PATH)$(ICON)</string>
					<key>INFOPLIST_FILE</key>
					<string>openFrameworks-Info.plist</string>
					<key>INSTALL_PATH</key>
					<string>/Applications</string>
					<key>LIBRARY_SEARCH_PATHS</key>
					<string>$(inherited)</string>
					<key>PRODUCT_NAME</key>
					<string>$(TARGET_NAME)</string>
					<key>WRAPPER_EXTENSION</key>
					<string>app</string>
					<key>baseConfigurationReference</key>
					<string>E4EB6923138AFD0F00A09F29</string>
				</dict>
				<key>isa</key>
				<string>XCBuildConfiguration</string>
				<key>name</key>
				<string>Release</string>
			</dict>
			<key>E4B69E1C0A3A1BDC003C02F2</key>
			<dict>
				<key>children</key>
				<array>
					<string>E4B69E1D0A3A1BDC003C02F2</string>
					<string>E4B69E1E0A3A1BDC003C02F2</string>
					<string>E4B69E1F0A3A1BDC003C02F2</string>
				</array>
				<key>isa</key>
				<string>PBXGroup</string>
				<key>path</key>
				<string>src</string>
				<key>sourceTree</key>
				<string>SOURCE_ROOT</string>
			</dict>
			<key>E4B69E1D0A3A1BDC003C02F2</key>
			<dict>
				<key>fileEncoding</key>
				<string>30</string>
				<key>isa</key>
				<string>PBXFileReference</string>
				<key>lastKnownFileType</key>
				<string>sourcecode.cpp.cpp</string>
				<key>name</key>
				<string>main.cpp</string>
				<key>path</key>
				<string>src/main.cpp</string>
				<key>sourceTree</key>
				<string>SOURCE_ROOT</string>
			</dict>
			<key>E4B69E1E0A3A1BDC003C02F2</key>
			<dict>
				<key>explicitFileType</key>
				<string>sourcecode.cpp.cpp</string>
				<key>fileEncoding</key>
				<string>30</string>
				<key>isa</key>
				<string>PBXFileReference</string>
				<key>name</key>
				<string>ofApp.cpp</string>
				<key>path</key>
				<string>src/ofApp.cpp</string>
				<key>sourceTree</key>
				<string>SOURCE_ROOT</string>
			</dict>
			<key>E4B69E1F0A3A1BDC003C02F2</key>
			<dict>
				<key>fileEncoding</key>
				<string>30</string>
				<key>isa</key>
				<string>PBXFileReference</string>
				<key>lastKnownFileType</key>
				<string>sourcecode.c.h</string>
				<key>name</key>
				<string>ofApp.h</string>
				<key>path</key>
				<string>src/ofApp.h</string>
				<key>sourceTree</key>
				<string>SOURCE_ROOT</string>
			</dict>
			<key>E4B69E200A3A1BDC003C02F2</key>
			<dict>
				<key>fileRef</key>
				<string>E4B69E1D0A3A1BDC003C02F2</string>
				<key>isa</key>
				<string>PBXBuildFile</string>
			</dict>
			<key>E4B69E210A3A1BDC003C02F2</key>
			<dict>
				<key>fileRef</key>
				<string>E4B69E1E0A3A1BDC003C02F2</string>
				<key>isa</key>
				<string>PBXBuildFile</string>
			</dict>
			<key>E4B6FCAD0C3E899E008CF71C</key>
			<dict>
				<key>fileEncoding</key>
				<string>30</string>
				<key>isa</key>
				<string>PBXFileReference</string>
				<key>lastKnownFileType</key>
				<string>text.plist.xml</string>
				<key>path</key>
				<string>openFrameworks-Info.plist</string>
				<key>sourceTree</key>
				<string>&lt;group&gt;</string>
			</dict>
			<key>E4B6FFFD0C3F9AB9008CF71C</key>
			<dict>
				<key>buildActionMask</key>
				<string>2147483647</string>
				<key>files</key>
				<array />
				<key>inputPaths</key>
				<array />
				<key>isa</key>
				<string>PBXShellScriptBuildPhase</string>
				<key>outputPaths</key>
				<array />
				<key>runOnlyForDeploymentPostprocessing</key>
				<string>0</string>
				<key>shellPath</key>
				<string>/bin/sh</string>
				<key>shellScript</key>
				<string>mkdir -p "$TARGET_BUILD_DIR/$PRODUCT_NAME.app/Contents/Resources/"
# Copy default icon file into App/Resources
rsync -aved "$ICON_FILE" "$TARGET_BUILD_DIR/$PRODUCT_NAME.app/Contents/Resources/"
# Copy libfmod and change install directory for fmod to run
rsync -aved ../../../Downloads/of_v0.9.8_osx_release/libs/fmodex/lib/osx/libfmodex.dylib "$TARGET_BUILD_DIR/$PRODUCT_NAME.app/Contents/Frameworks/";
install_name_tool -change @executable_path/libfmodex.dylib @executable_path/../Frameworks/libfmodex.dylib "$TARGET_BUILD_DIR/$PRODUCT_NAME.app/Contents/MacOS/$PRODUCT_NAME";
# Copy GLUT framework (must remove for AppStore submissions)
rsync -aved ../../../Downloads/of_v0.9.8_osx_release/libs/glut/lib/osx/GLUT.framework "$TARGET_BUILD_DIR/$PRODUCT_NAME.app/Contents/Frameworks/"
</string>
			</dict>
			<key>E4C2427710CC5ABF004149E2</key>
			<dict>
				<key>buildActionMask</key>
				<string>2147483647</string>
				<key>dstPath</key>
				<string />
				<key>dstSubfolderSpec</key>
				<string>10</string>
				<key>files</key>
				<array>
					<string>4D508D34156E7076531D9084</string>
				</array>
				<key>isa</key>
				<string>PBXCopyFilesBuildPhase</string>
				<key>runOnlyForDeploymentPostprocessing</key>
				<string>0</string>
			</dict>
			<key>E4EB691F138AFCF100A09F29</key>
			<dict>
				<key>fileEncoding</key>
				<string>4</string>
				<key>isa</key>
				<string>PBXFileReference</string>
				<key>lastKnownFileType</key>
				<string>text.xcconfig</string>
				<key>name</key>
				<string>CoreOF.xcconfig</string>
				<key>path</key>
				<string>../../../Downloads/of_v0.9.8_osx_release/libs/openFrameworksCompiled/project/osx/CoreOF.xcconfig</string>
				<key>sourceTree</key>
				<string>SOURCE_ROOT</string>
			</dict>
			<key>E4EB6923138AFD0F00A09F29</key>
			<dict>
				<key>fileEncoding</key>
				<string>4</string>
				<key>isa</key>
				<string>PBXFileReference</string>
				<key>lastKnownFileType</key>
				<string>text.xcconfig</string>
				<key>path</key>
				<string>Project.xcconfig</string>
				<key>sourceTree</key>
				<string>&lt;group&gt;</string>
			</dict>
			<key>E4EEB9AB138B136A00A80321</key>
			<dict>
				<key>containerPortal</key>
				<string>E4328143138ABC890047C5CB</string>
				<key>isa</key>
				<string>PBXContainerItemProxy</string>
				<key>proxyType</key>
				<string>1</string>
				<key>remoteGlobalIDString</key>
				<string>E4B27C1410CBEB8E00536013</string>
				<key>remoteInfo</key>
				<string>openFrameworks</string>
			</dict>
			<key>E4EEB9AC138B136A00A80321</key>
			<dict>
				<key>isa</key>
				<string>PBXTargetDependency</string>
				<key>name</key>
				<string>openFrameworks</string>
				<key>targetProxy</key>
				<string>E4EEB9AB138B136A00A80321</string>
			</dict>
			<key>E4EEC9E9138DF44700A80321</key>
			<dict>
				<key>children</key>
				<array>
					<string>E4EB691F138AFCF100A09F29</string>
					<string>E4328143138ABC890047C5CB</string>
				</array>
				<key>isa</key>
				<string>PBXGroup</string>
				<key>name</key>
				<string>openFrameworks</string>
				<key>sourceTree</key>
				<string>&lt;group&gt;</string>
			</dict>
		</dict>
		<key>rootObject</key>
		<string>E4B69B4C0A3A1720003C02F2</string>
	</dict>
</plist>
